# This file is automatically @generated by Cargo.
# It is not intended for manual editing.
version = 3

[[package]]
name = "intra"
version = "0.1.0"
source = "git+https://github.com/Verdex/intra?tag=release-0.1.0#d332400918b638fe81cb6442d850a0ed81d36176"

[[package]]
name = "intra_tests"
version = "0.1.0"
dependencies = [
 "intra",
]
